
Microsoft Visual Studio Solution File, Format Version 12.00
# Visual Studio 15
VisualStudioVersion = 15.0.28010.2050
MinimumVisualStudioVersion = 10.0.40219.1
Project("{FAE04EC0-301F-11D3-BF4B-00C04F79EFBC}") = "BulkCopier", "BulkCopier\BulkCopier.csproj", "{62C434E6-A389-4986-921A-9DA44DD8E641}"
EndProject
Global
	GlobalSection(SolutionConfigurationPlatforms) = preSolution
		Debug|Any CPU = Debug|Any CPU
		Release|Any CPU = Release|Any CPU
	EndGlobalSection
	GlobalSection(ProjectConfigurationPlatforms) = postSolution
		{62C434E6-A389-4986-921A-9DA44DD8E641}.Debug|Any CPU.ActiveCfg = Debug|Any CPU
		{62C434E6-A389-4986-921A-9DA44DD8E641}.Debug|Any CPU.Build.0 = Debug|Any CPU
		{62C434E6-A389-4986-921A-9DA44DD8E641}.Release|Any CPU.ActiveCfg = Release|Any CPU
		{62C434E6-A389-4986-921A-9DA44DD8E641}.Release|Any CPU.Build.0 = Release|Any CPU
	EndGlobalSection
	GlobalSection(SolutionProperties) = preSolution
		HideSolutionNode = FALSE
	EndGlobalSection
	GlobalSection(ExtensibilityGlobals) = postSolution
		SolutionGuid = {11AA14EA-C9DB-4FE9-A093-94891C172E20}
	EndGlobalSection
EndGlobal
